
Microsoft Visual Studio Solution File, Format Version 12.00
# Visual Studio 15
VisualStudioVersion = 15.0.27130.2027
MinimumVisualStudioVersion = 10.0.40219.1
Project("{9A19103F-16F7-4668-BE54-9A1E7A4F7556}") = "PacmanSimulator", "PacmanSimulator\PacmanSimulator.csproj", "{408097B7-7A2A-4FB5-8CF6-DE0D17108ACA}"
EndProject
Project("{9A19103F-16F7-4668-BE54-9A1E7A4F7556}") = "GridProvider", "GridProvider\GridProvider.csproj", "{B83449DC-7D53-4BDA-8561-D3AD29603331}"
EndProject
Project("{9A19103F-16F7-4668-BE54-9A1E7A4F7556}") = "PacmanService", "PacmanService\PacmanService.csproj", "{F57D7D25-4C4A-4084-B540-965593F00F99}"
EndProject
Project("{FAE04EC0-301F-11D3-BF4B-00C04F79EFBC}") = "PacmanService.Tests", "PacmanService.Tests\PacmanService.Tests.csproj", "{C4286ACE-CFFD-4EBE-A2A5-C07C31F11927}"
EndProject
Global
	GlobalSection(SolutionConfigurationPlatforms) = preSolution
		Debug|Any CPU = Debug|Any CPU
		Release|Any CPU = Release|Any CPU
	EndGlobalSection
	GlobalSection(ProjectConfigurationPlatforms) = postSolution
		{408097B7-7A2A-4FB5-8CF6-DE0D17108ACA}.Debug|Any CPU.ActiveCfg = Debug|Any CPU
		{408097B7-7A2A-4FB5-8CF6-DE0D17108ACA}.Debug|Any CPU.Build.0 = Debug|Any CPU
		{408097B7-7A2A-4FB5-8CF6-DE0D17108ACA}.Release|Any CPU.ActiveCfg = Release|Any CPU
		{408097B7-7A2A-4FB5-8CF6-DE0D17108ACA}.Release|Any CPU.Build.0 = Release|Any CPU
		{B83449DC-7D53-4BDA-8561-D3AD29603331}.Debug|Any CPU.ActiveCfg = Debug|Any CPU
		{B83449DC-7D53-4BDA-8561-D3AD29603331}.Debug|Any CPU.Build.0 = Debug|Any CPU
		{B83449DC-7D53-4BDA-8561-D3AD29603331}.Release|Any CPU.ActiveCfg = Release|Any CPU
		{B83449DC-7D53-4BDA-8561-D3AD29603331}.Release|Any CPU.Build.0 = Release|Any CPU
		{F57D7D25-4C4A-4084-B540-965593F00F99}.Debug|Any CPU.ActiveCfg = Debug|Any CPU
		{F57D7D25-4C4A-4084-B540-965593F00F99}.Debug|Any CPU.Build.0 = Debug|Any CPU
		{F57D7D25-4C4A-4084-B540-965593F00F99}.Release|Any CPU.ActiveCfg = Release|Any CPU
		{F57D7D25-4C4A-4084-B540-965593F00F99}.Release|Any CPU.Build.0 = Release|Any CPU
		{C4286ACE-CFFD-4EBE-A2A5-C07C31F11927}.Debug|Any CPU.ActiveCfg = Debug|Any CPU
		{C4286ACE-CFFD-4EBE-A2A5-C07C31F11927}.Debug|Any CPU.Build.0 = Debug|Any CPU
		{C4286ACE-CFFD-4EBE-A2A5-C07C31F11927}.Release|Any CPU.ActiveCfg = Release|Any CPU
		{C4286ACE-CFFD-4EBE-A2A5-C07C31F11927}.Release|Any CPU.Build.0 = Release|Any CPU
	EndGlobalSection
	GlobalSection(SolutionProperties) = preSolution
		HideSolutionNode = FALSE
	EndGlobalSection
	GlobalSection(ExtensibilityGlobals) = postSolution
		SolutionGuid = {2383BB14-4372-4AE6-B0F9-57F3BC4136E7}
	EndGlobalSection
EndGlobal
